
Microsoft Visual Studio Solution File, Format Version 12.00
# Visual Studio Version 16
VisualStudioVersion = 16.0.32002.261
MinimumVisualStudioVersion = 10.0.40219.1
Project("{FAE04EC0-301F-11D3-BF4B-00C04F79EFBC}") = "PostsEComentarios", "PostsEComentarios\PostsEComentarios.csproj", "{838EF512-6725-4349-98EF-2A35599D3412}"
EndProject
Global
	GlobalSection(SolutionConfigurationPlatforms) = preSolution
		Debug|Any CPU = Debug|Any CPU
		Release|Any CPU = Release|Any CPU
	EndGlobalSection
	GlobalSection(ProjectConfigurationPlatforms) = postSolution
		{838EF512-6725-4349-98EF-2A35599D3412}.Debug|Any CPU.ActiveCfg = Debug|Any CPU
		{838EF512-6725-4349-98EF-2A35599D3412}.Debug|Any CPU.Build.0 = Debug|Any CPU
		{838EF512-6725-4349-98EF-2A35599D3412}.Release|Any CPU.ActiveCfg = Release|Any CPU
		{838EF512-6725-4349-98EF-2A35599D3412}.Release|Any CPU.Build.0 = Release|Any CPU
	EndGlobalSection
	GlobalSection(SolutionProperties) = preSolution
		HideSolutionNode = FALSE
	EndGlobalSection
	GlobalSection(ExtensibilityGlobals) = postSolution
		SolutionGuid = {C99BE962-0BF0-408B-A433-7B08C009B79A}
	EndGlobalSection
EndGlobal
